// !$*UTF8*$!
{
	archiveVersion = 1;
	classes = {
	};
	objectVersion = 46;
	objects = {

/* Begin PBXBuildFile section */
		8806740D1B637AFC00CFA462 /* ViewController2.swift in Sources */ = {isa = PBXBuildFile; fileRef = 8806740C1B637AFC00CFA462 /* ViewController2.swift */; };
		8806740F1B646D5600CFA462 /* ViewController3.swift in Sources */ = {isa = PBXBuildFile; fileRef = 8806740E1B646D5600CFA462 /* ViewController3.swift */; };
		8842090B1B5FD6FE00315345 /* AppDelegate.swift in Sources */ = {isa = PBXBuildFile; fileRef = 8842090A1B5FD6FE00315345 /* AppDelegate.swift */; };
		8842090D1B5FD6FE00315345 /* ViewController.swift in Sources */ = {isa = PBXBuildFile; fileRef = 8842090C1B5FD6FE00315345 /* ViewController.swift */; };
		884209101B5FD6FE00315345 /* Main.storyboard in Resources */ = {isa = PBXBuildFile; fileRef = 8842090E1B5FD6FE00315345 /* Main.storyboard */; };
		884209121B5FD6FE00315345 /* Images.xcassets in Resources */ = {isa = PBXBuildFile; fileRef = 884209111B5FD6FE00315345 /* Images.xcassets */; };
		884209151B5FD6FE00315345 /* LaunchScreen.xib in Resources */ = {isa = PBXBuildFile; fileRef = 884209131B5FD6FE00315345 /* LaunchScreen.xib */; };
		884209211B5FD6FE00315345 /* SwiftLearningTests.swift in Sources */ = {isa = PBXBuildFile; fileRef = 884209201B5FD6FE00315345 /* SwiftLearningTests.swift */; };
		8842092B1B5FD96900315345 /* ViewController1.swift in Sources */ = {isa = PBXBuildFile; fileRef = 8842092A1B5FD96900315345 /* ViewController1.swift */; };
		88A01BA51B6E676C00400847 /* ViewController6.swift in Sources */ = {isa = PBXBuildFile; fileRef = 88A01BA41B6E676C00400847 /* ViewController6.swift */; };
		88A4DC281B8613FC001602C9 /* ViewController9.swift in Sources */ = {isa = PBXBuildFile; fileRef = 88A4DC271B8613FC001602C9 /* ViewController9.swift */; };
		88C5E73C1B89A6B9001BAFEC /* ViewController10.swift in Sources */ = {isa = PBXBuildFile; fileRef = 88C5E73B1B89A6B9001BAFEC /* ViewController10.swift */; };
		88D779211B8CB82500053711 /* ViewController12.swift in Sources */ = {isa = PBXBuildFile; fileRef = 88D779201B8CB82500053711 /* ViewController12.swift */; };
		88D8C6D41B725EBD00065EC0 /* ViewController8.swift in Sources */ = {isa = PBXBuildFile; fileRef = 88D8C6D31B725EBD00065EC0 /* ViewController8.swift */; };
		88DCD7611B65123D0074AB5E /* ViewController4.swift in Sources */ = {isa = PBXBuildFile; fileRef = 88DCD7601B65123D0074AB5E /* ViewController4.swift */; };
		88E352881B7111BC009C9133 /* ViewController7.swift in Sources */ = {isa = PBXBuildFile; fileRef = 88E352871B7111BC009C9133 /* ViewController7.swift */; };
		88E993231B8B631C007DD115 /* ViewController11.swift in Sources */ = {isa = PBXBuildFile; fileRef = 88E993221B8B631C007DD115 /* ViewController11.swift */; };
		88EB90401B6C956C0026270D /* ViewController5.swift in Sources */ = {isa = PBXBuildFile; fileRef = 88EB903F1B6C956C0026270D /* ViewController5.swift */; };
/* End PBXBuildFile section */

/* Begin PBXContainerItemProxy section */
		8842091B1B5FD6FE00315345 /* PBXContainerItemProxy */ = {
			isa = PBXContainerItemProxy;
			containerPortal = 884208FD1B5FD6FE00315345 /* Project object */;
			proxyType = 1;
			remoteGlobalIDString = 884209041B5FD6FE00315345;
			remoteInfo = SwiftLearning;
		};
/* End PBXContainerItemProxy section */

/* Begin PBXFileReference section */
		8806740C1B637AFC00CFA462 /* ViewController2.swift */ = {isa = PBXFileReference; fileEncoding = 4; lastKnownFileType = sourcecode.swift; path = ViewController2.swift; sourceTree = "<group>"; };
		8806740E1B646D5600CFA462 /* ViewController3.swift */ = {isa = PBXFileReference; fileEncoding = 4; lastKnownFileType = sourcecode.swift; path = ViewController3.swift; sourceTree = "<group>"; };
		884209051B5FD6FE00315345 /* SwiftLearning.app */ = {isa = PBXFileReference; explicitFileType = wrapper.application; includeInIndex = 0; path = SwiftLearning.app; sourceTree = BUILT_PRODUCTS_DIR; };
		884209091B5FD6FE00315345 /* Info.plist */ = {isa = PBXFileReference; lastKnownFileType = text.plist.xml; path = Info.plist; sourceTree = "<group>"; };
		8842090A1B5FD6FE00315345 /* AppDelegate.swift */ = {isa = PBXFileReference; lastKnownFileType = sourcecode.swift; path = AppDelegate.swift; sourceTree = "<group>"; };
		8842090C1B5FD6FE00315345 /* ViewController.swift */ = {isa = PBXFileReference; lastKnownFileType = sourcecode.swift; path = ViewController.swift; sourceTree = "<group>"; };
		8842090F1B5FD6FE00315345 /* Base */ = {isa = PBXFileReference; lastKnownFileType = file.storyboard; name = Base; path = Base.lproj/Main.storyboard; sourceTree = "<group>"; };
		884209111B5FD6FE00315345 /* Images.xcassets */ = {isa = PBXFileReference; lastKnownFileType = folder.assetcatalog; path = Images.xcassets; sourceTree = "<group>"; };
		884209141B5FD6FE00315345 /* Base */ = {isa = PBXFileReference; lastKnownFileType = file.xib; name = Base; path = Base.lproj/LaunchScreen.xib; sourceTree = "<group>"; };
		8842091A1B5FD6FE00315345 /* SwiftLearningTests.xctest */ = {isa = PBXFileReference; explicitFileType = wrapper.cfbundle; includeInIndex = 0; path = SwiftLearningTests.xctest; sourceTree = BUILT_PRODUCTS_DIR; };
		8842091F1B5FD6FE00315345 /* Info.plist */ = {isa = PBXFileReference; lastKnownFileType = text.plist.xml; path = Info.plist; sourceTree = "<group>"; };
		884209201B5FD6FE00315345 /* SwiftLearningTests.swift */ = {isa = PBXFileReference; lastKnownFileType = sourcecode.swift; path = SwiftLearningTests.swift; sourceTree = "<group>"; };
		8842092A1B5FD96900315345 /* ViewController1.swift */ = {isa = PBXFileReference; fileEncoding = 4; lastKnownFileType = sourcecode.swift; path = ViewController1.swift; sourceTree = "<group>"; };
		8842092C1B5FDFEA00315345 /* MyPlayground.playground */ = {isa = PBXFileReference; lastKnownFileType = file.playground; path = MyPlayground.playground; sourceTree = "<group>"; };
		88A01BA41B6E676C00400847 /* ViewController6.swift */ = {isa = PBXFileReference; fileEncoding = 4; lastKnownFileType = sourcecode.swift; path = ViewController6.swift; sourceTree = "<group>"; };
		88A4DC271B8613FC001602C9 /* ViewController9.swift */ = {isa = PBXFileReference; fileEncoding = 4; lastKnownFileType = sourcecode.swift; path = ViewController9.swift; sourceTree = "<group>"; };
		88C5E73B1B89A6B9001BAFEC /* ViewController10.swift */ = {isa = PBXFileReference; fileEncoding = 4; lastKnownFileType = sourcecode.swift; path = ViewController10.swift; sourceTree = "<group>"; };
		88D779201B8CB82500053711 /* ViewController12.swift */ = {isa = PBXFileReference; fileEncoding = 4; lastKnownFileType = sourcecode.swift; path = ViewController12.swift; sourceTree = "<group>"; };
		88D8C6D31B725EBD00065EC0 /* ViewController8.swift */ = {isa = PBXFileReference; fileEncoding = 4; lastKnownFileType = sourcecode.swift; path = ViewController8.swift; sourceTree = "<group>"; };
		88DCD7601B65123D0074AB5E /* ViewController4.swift */ = {isa = PBXFileReference; fileEncoding = 4; lastKnownFileType = sourcecode.swift; path = ViewController4.swift; sourceTree = "<group>"; };
		88E352871B7111BC009C9133 /* ViewController7.swift */ = {isa = PBXFileReference; fileEncoding = 4; lastKnownFileType = sourcecode.swift; path = ViewController7.swift; sourceTree = "<group>"; };
		88E993221B8B631C007DD115 /* ViewController11.swift */ = {isa = PBXFileReference; fileEncoding = 4; lastKnownFileType = sourcecode.swift; path = ViewController11.swift; sourceTree = "<group>"; };
		88EB903F1B6C956C0026270D /* ViewController5.swift */ = {isa = PBXFileReference; fileEncoding = 4; lastKnownFileType = sourcecode.swift; path = ViewController5.swift; sourceTree = "<group>"; };
/* End PBXFileReference section */

/* Begin PBXFrameworksBuildPhase section */
		884209021B5FD6FE00315345 /* Frameworks */ = {
			isa = PBXFrameworksBuildPhase;
			buildActionMask = 2147483647;
			files = (
			);
			runOnlyForDeploymentPostprocessing = 0;
		};
		884209171B5FD6FE00315345 /* Frameworks */ = {
			isa = PBXFrameworksBuildPhase;
			buildActionMask = 2147483647;
			files = (
			);
			runOnlyForDeploymentPostprocessing = 0;
		};
/* End PBXFrameworksBuildPhase section */

/* Begin PBXGroup section */
		884208FC1B5FD6FE00315345 = {
			isa = PBXGroup;
			children = (
				8842092C1B5FDFEA00315345 /* MyPlayground.playground */,
				884209071B5FD6FE00315345 /* SwiftLearning */,
				8842091D1B5FD6FE00315345 /* SwiftLearningTests */,
				884209061B5FD6FE00315345 /* Products */,
			);
			sourceTree = "<group>";
		};
		884209061B5FD6FE00315345 /* Products */ = {
			isa = PBXGroup;
			children = (
				884209051B5FD6FE00315345 /* SwiftLearning.app */,
				8842091A1B5FD6FE00315345 /* SwiftLearningTests.xctest */,
			);
			name = Products;
			sourceTree = "<group>";
		};
		884209071B5FD6FE00315345 /* SwiftLearning */ = {
			isa = PBXGroup;
			children = (
				8842090A1B5FD6FE00315345 /* AppDelegate.swift */,
				8842090C1B5FD6FE00315345 /* ViewController.swift */,
				8842092A1B5FD96900315345 /* ViewController1.swift */,
				8806740C1B637AFC00CFA462 /* ViewController2.swift */,
				8806740E1B646D5600CFA462 /* ViewController3.swift */,
				88DCD7601B65123D0074AB5E /* ViewController4.swift */,
				88EB903F1B6C956C0026270D /* ViewController5.swift */,
				88A01BA41B6E676C00400847 /* ViewController6.swift */,
				88E352871B7111BC009C9133 /* ViewController7.swift */,
				88D8C6D31B725EBD00065EC0 /* ViewController8.swift */,
				88A4DC271B8613FC001602C9 /* ViewController9.swift */,
				88C5E73B1B89A6B9001BAFEC /* ViewController10.swift */,
				88E993221B8B631C007DD115 /* ViewController11.swift */,
				88D779201B8CB82500053711 /* ViewController12.swift */,
				8842090E1B5FD6FE00315345 /* Main.storyboard */,
				884209111B5FD6FE00315345 /* Images.xcassets */,
				884209131B5FD6FE00315345 /* LaunchScreen.xib */,
				884209081B5FD6FE00315345 /* Supporting Files */,
			);
			path = SwiftLearning;
			sourceTree = "<group>";
		};
		884209081B5FD6FE00315345 /* Supporting Files */ = {
			isa = PBXGroup;
			children = (
				884209091B5FD6FE00315345 /* Info.plist */,
			);
			name = "Supporting Files";
			sourceTree = "<group>";
		};
		8842091D1B5FD6FE00315345 /* SwiftLearningTests */ = {
			isa = PBXGroup;
			children = (
				884209201B5FD6FE00315345 /* SwiftLearningTests.swift */,
				8842091E1B5FD6FE00315345 /* Supporting Files */,
			);
			path = SwiftLearningTests;
			sourceTree = "<group>";
		};
		8842091E1B5FD6FE00315345 /* Supporting Files */ = {
			isa = PBXGroup;
			children = (
				8842091F1B5FD6FE00315345 /* Info.plist */,
			);
			name = "Supporting Files";
			sourceTree = "<group>";
		};
/* End PBXGroup section */

/* Begin PBXNativeTarget section */
		884209041B5FD6FE00315345 /* SwiftLearning */ = {
			isa = PBXNativeTarget;
			buildConfigurationList = 884209241B5FD6FE00315345 /* Build configuration list for PBXNativeTarget "SwiftLearning" */;
			buildPhases = (
				884209011B5FD6FE00315345 /* Sources */,
				884209021B5FD6FE00315345 /* Frameworks */,
				884209031B5FD6FE00315345 /* Resources */,
			);
			buildRules = (
			);
			dependencies = (
			);
			name = SwiftLearning;
			productName = SwiftLearning;
			productReference = 884209051B5FD6FE00315345 /* SwiftLearning.app */;
			productType = "com.apple.product-type.application";
		};
		884209191B5FD6FE00315345 /* SwiftLearningTests */ = {
			isa = PBXNativeTarget;
			buildConfigurationList = 884209271B5FD6FE00315345 /* Build configuration list for PBXNativeTarget "SwiftLearningTests" */;
			buildPhases = (
				884209161B5FD6FE00315345 /* Sources */,
				884209171B5FD6FE00315345 /* Frameworks */,
				884209181B5FD6FE00315345 /* Resources */,
			);
			buildRules = (
			);
			dependencies = (
				8842091C1B5FD6FE00315345 /* PBXTargetDependency */,
			);
			name = SwiftLearningTests;
			productName = SwiftLearningTests;
			productReference = 8842091A1B5FD6FE00315345 /* SwiftLearningTests.xctest */;
			productType = "com.apple.product-type.bundle.unit-test";
		};
/* End PBXNativeTarget section */

/* Begin PBXProject section */
		884208FD1B5FD6FE00315345 /* Project object */ = {
			isa = PBXProject;
			attributes = {
				LastUpgradeCheck = 0610;
				ORGANIZATIONNAME = xiaopeng;
				TargetAttributes = {
					884209041B5FD6FE00315345 = {
						CreatedOnToolsVersion = 6.1.1;
					};
					884209191B5FD6FE00315345 = {
						CreatedOnToolsVersion = 6.1.1;
						TestTargetID = 884209041B5FD6FE00315345;
					};
				};
			};
			buildConfigurationList = 884209001B5FD6FE00315345 /* Build configuration list for PBXProject "SwiftLearning" */;
			compatibilityVersion = "Xcode 3.2";
			developmentRegion = English;
			hasScannedForEncodings = 0;
			knownRegions = (
				en,
				Base,
			);
			mainGroup = 884208FC1B5FD6FE00315345;
			productRefGroup = 884209061B5FD6FE00315345 /* Products */;
			projectDirPath = "";
			projectRoot = "";
			targets = (
				884209041B5FD6FE00315345 /* SwiftLearning */,
				884209191B5FD6FE00315345 /* SwiftLearningTests */,
			);
		};
/* End PBXProject section */

/* Begin PBXResourcesBuildPhase section */
		884209031B5FD6FE00315345 /* Resources */ = {
			isa = PBXResourcesBuildPhase;
			buildActionMask = 2147483647;
			files = (
				884209101B5FD6FE00315345 /* Main.storyboard in Resources */,
				884209151B5FD6FE00315345 /* LaunchScreen.xib in Resources */,
				884209121B5FD6FE00315345 /* Images.xcassets in Resources */,
			);
			runOnlyForDeploymentPostprocessing = 0;
		};
		884209181B5FD6FE00315345 /* Resources */ = {
			isa = PBXResourcesBuildPhase;
			buildActionMask = 2147483647;
			files = (
			);
			runOnlyForDeploymentPostprocessing = 0;
		};
/* End PBXResourcesBuildPhase section */

/* Begin PBXSourcesBuildPhase section */
		884209011B5FD6FE00315345 /* Sources */ = {
			isa = PBXSourcesBuildPhase;
			buildActionMask = 2147483647;
			files = (
				8806740F1B646D5600CFA462 /* ViewController3.swift in Sources */,
				88DCD7611B65123D0074AB5E /* ViewController4.swift in Sources */,
				8842092B1B5FD96900315345 /* ViewController1.swift in Sources */,
				8806740D1B637AFC00CFA462 /* ViewController2.swift in Sources */,
				8842090D1B5FD6FE00315345 /* ViewController.swift in Sources */,
				88D779211B8CB82500053711 /* ViewController12.swift in Sources */,
				88E993231B8B631C007DD115 /* ViewController11.swift in Sources */,
				88A4DC281B8613FC001602C9 /* ViewController9.swift in Sources */,
				88A01BA51B6E676C00400847 /* ViewController6.swift in Sources */,
				88E352881B7111BC009C9133 /* ViewController7.swift in Sources */,
				88D8C6D41B725EBD00065EC0 /* ViewController8.swift in Sources */,
				88C5E73C1B89A6B9001BAFEC /* ViewController10.swift in Sources */,
				8842090B1B5FD6FE00315345 /* AppDelegate.swift in Sources */,
				88EB90401B6C956C0026270D /* ViewController5.swift in Sources */,
			);
			runOnlyForDeploymentPostprocessing = 0;
		};
		884209161B5FD6FE00315345 /* Sources */ = {
			isa = PBXSourcesBuildPhase;
			buildActionMask = 2147483647;
			files = (
				884209211B5FD6FE00315345 /* SwiftLearningTests.swift in Sources */,
			);
			runOnlyForDeploymentPostprocessing = 0;
		};
/* End PBXSourcesBuildPhase section */

/* Begin PBXTargetDependency section */
		8842091C1B5FD6FE00315345 /* PBXTargetDependency */ = {
			isa = PBXTargetDependency;
			target = 884209041B5FD6FE00315345 /* SwiftLearning */;
			targetProxy = 8842091B1B5FD6FE00315345 /* PBXContainerItemProxy */;
		};
/* End PBXTargetDependency section */

/* Begin PBXVariantGroup section */
		8842090E1B5FD6FE00315345 /* Main.storyboard */ = {
			isa = PBXVariantGroup;
			children = (
				8842090F1B5FD6FE00315345 /* Base */,
			);
			name = Main.storyboard;
			sourceTree = "<group>";
		};
		884209131B5FD6FE00315345 /* LaunchScreen.xib */ = {
			isa = PBXVariantGroup;
			children = (
				884209141B5FD6FE00315345 /* Base */,
			);
			name = LaunchScreen.xib;
			sourceTree = "<group>";
		};
/* End PBXVariantGroup section */

/* Begin XCBuildConfiguration section */
		884209221B5FD6FE00315345 /* Debug */ = {
			isa = XCBuildConfiguration;
			buildSettings = {
				ALWAYS_SEARCH_USER_PATHS = NO;
				CLANG_CXX_LANGUAGE_STANDARD = "gnu++0x";
				CLANG_CXX_LIBRARY = "libc++";
				CLANG_ENABLE_MODULES = YES;
				CLANG_ENABLE_OBJC_ARC = YES;
				CLANG_WARN_BOOL_CONVERSION = YES;
				CLANG_WARN_CONSTANT_CONVERSION = YES;
				CLANG_WARN_DIRECT_OBJC_ISA_USAGE = YES_ERROR;
				CLANG_WARN_EMPTY_BODY = YES;
				CLANG_WARN_ENUM_CONVERSION = YES;
				CLANG_WARN_INT_CONVERSION = YES;
				CLANG_WARN_OBJC_ROOT_CLASS = YES_ERROR;
				CLANG_WARN_UNREACHABLE_CODE = YES;
				CLANG_WARN__DUPLICATE_METHOD_MATCH = YES;
				"CODE_SIGN_IDENTITY[sdk=iphoneos*]" = "iPhone Developer";
				COPY_PHASE_STRIP = NO;
				ENABLE_STRICT_OBJC_MSGSEND = YES;
				GCC_C_LANGUAGE_STANDARD = gnu99;
				GCC_DYNAMIC_NO_PIC = NO;
				GCC_OPTIMIZATION_LEVEL = 0;
				GCC_PREPROCESSOR_DEFINITIONS = (
					"DEBUG=1",
					"$(inherited)",
				);
				GCC_SYMBOLS_PRIVATE_EXTERN = NO;
				GCC_WARN_64_TO_32_BIT_CONVERSION = YES;
				GCC_WARN_ABOUT_RETURN_TYPE = YES_ERROR;
				GCC_WARN_UNDECLARED_SELECTOR = YES;
				GCC_WARN_UNINITIALIZED_AUTOS = YES_AGGRESSIVE;
				GCC_WARN_UNUSED_FUNCTION = YES;
				GCC_WARN_UNUSED_VARIABLE = YES;
				IPHONEOS_DEPLOYMENT_TARGET = 8.1;
				MTL_ENABLE_DEBUG_INFO = YES;
				ONLY_ACTIVE_ARCH = YES;
				SDKROOT = iphoneos;
				SWIFT_OPTIMIZATION_LEVEL = "-Onone";
				TARGETED_DEVICE_FAMILY = "1,2";
			};
			name = Debug;
		};
		884209231B5FD6FE00315345 /* Release */ = {
			isa = XCBuildConfiguration;
			buildSettings = {
				ALWAYS_SEARCH_USER_PATHS = NO;
				CLANG_CXX_LANGUAGE_STANDARD = "gnu++0x";
				CLANG_CXX_LIBRARY = "libc++";
				CLANG_ENABLE_MODULES = YES;
				CLANG_ENABLE_OBJC_ARC = YES;
				CLANG_WARN_BOOL_CONVERSION = YES;
				CLANG_WARN_CONSTANT_CONVERSION = YES;
				CLANG_WARN_DIRECT_OBJC_ISA_USAGE = YES_ERROR;
				CLANG_WARN_EMPTY_BODY = YES;
				CLANG_WARN_ENUM_CONVERSION = YES;
				CLANG_WARN_INT_CONVERSION = YES;
				CLANG_WARN_OBJC_ROOT_CLASS = YES_ERROR;
				CLANG_WARN_UNREACHABLE_CODE = YES;
				CLANG_WARN__DUPLICATE_METHOD_MATCH = YES;
				"CODE_SIGN_IDENTITY[sdk=iphoneos*]" = "iPhone Developer";
				COPY_PHASE_STRIP = YES;
				ENABLE_NS_ASSERTIONS = NO;
				ENABLE_STRICT_OBJC_MSGSEND = YES;
				GCC_C_LANGUAGE_STANDARD = gnu99;
				GCC_WARN_64_TO_32_BIT_CONVERSION = YES;
				GCC_WARN_ABOUT_RETURN_TYPE = YES_ERROR;
				GCC_WARN_UNDECLARED_SELECTOR = YES;
				GCC_WARN_UNINITIALIZED_AUTOS = YES_AGGRESSIVE;
				GCC_WARN_UNUSED_FUNCTION = YES;
				GCC_WARN_UNUSED_VARIABLE = YES;
				IPHONEOS_DEPLOYMENT_TARGET = 8.1;
				MTL_ENABLE_DEBUG_INFO = NO;
				SDKROOT = iphoneos;
				TARGETED_DEVICE_FAMILY = "1,2";
				VALIDATE_PRODUCT = YES;
			};
			name = Release;
		};
		884209251B5FD6FE00315345 /* Debug */ = {
			isa = XCBuildConfiguration;
			buildSettings = {
				ASSETCATALOG_COMPILER_APPICON_NAME = AppIcon;
				INFOPLIST_FILE = SwiftLearning/Info.plist;
				LD_RUNPATH_SEARCH_PATHS = "$(inherited) @executable_path/Frameworks";
				PRODUCT_NAME = "$(TARGET_NAME)";
			};
			name = Debug;
		};
		884209261B5FD6FE00315345 /* Release */ = {
			isa = XCBuildConfiguration;
			buildSettings = {
				ASSETCATALOG_COMPILER_APPICON_NAME = AppIcon;
				INFOPLIST_FILE = SwiftLearning/Info.plist;
				LD_RUNPATH_SEARCH_PATHS = "$(inherited) @executable_path/Frameworks";
				PRODUCT_NAME = "$(TARGET_NAME)";
			};
			name = Release;
		};
		884209281B5FD6FE00315345 /* Debug */ = {
			isa = XCBuildConfiguration;
			buildSettings = {
				BUNDLE_LOADER = "$(TEST_HOST)";
				FRAMEWORK_SEARCH_PATHS = (
					"$(SDKROOT)/Developer/Library/Frameworks",
					"$(inherited)",
				);
				GCC_PREPROCESSOR_DEFINITIONS = (
					"DEBUG=1",
					"$(inherited)",
				);
				INFOPLIST_FILE = SwiftLearningTests/Info.plist;
				LD_RUNPATH_SEARCH_PATHS = "$(inherited) @executable_path/Frameworks @loader_path/Frameworks";
				PRODUCT_NAME = "$(TARGET_NAME)";
				TEST_HOST = "$(BUILT_PRODUCTS_DIR)/SwiftLearning.app/SwiftLearning";
			};
			name = Debug;
		};
		884209291B5FD6FE00315345 /* Release */ = {
			isa = XCBuildConfiguration;
			buildSettings = {
				BUNDLE_LOADER = "$(TEST_HOST)";
				FRAMEWORK_SEARCH_PATHS = (
					"$(SDKROOT)/Developer/Library/Frameworks",
					"$(inherited)",
				);
				INFOPLIST_FILE = SwiftLearningTests/Info.plist;
				LD_RUNPATH_SEARCH_PATHS = "$(inherited) @executable_path/Frameworks @loader_path/Frameworks";
				PRODUCT_NAME = "$(TARGET_NAME)";
				TEST_HOST = "$(BUILT_PRODUCTS_DIR)/SwiftLearning.app/SwiftLearning";
			};
			name = Release;
		};
/* End XCBuildConfiguration section */

/* Begin XCConfigurationList section */
		884209001B5FD6FE00315345 /* Build configuration list for PBXProject "SwiftLearning" */ = {
			isa = XCConfigurationList;
			buildConfigurations = (
				884209221B5FD6FE00315345 /* Debug */,
				884209231B5FD6FE00315345 /* Release */,
			);
			defaultConfigurationIsVisible = 0;
			defaultConfigurationName = Release;
		};
		884209241B5FD6FE00315345 /* Build configuration list for PBXNativeTarget "SwiftLearning" */ = {
			isa = XCConfigurationList;
			buildConfigurations = (
				884209251B5FD6FE00315345 /* Debug */,
				884209261B5FD6FE00315345 /* Release */,
			);
			defaultConfigurationIsVisible = 0;
			defaultConfigurationName = Release;
		};
		884209271B5FD6FE00315345 /* Build configuration list for PBXNativeTarget "SwiftLearningTests" */ = {
			isa = XCConfigurationList;
			buildConfigurations = (
				884209281B5FD6FE00315345 /* Debug */,
				884209291B5FD6FE00315345 /* Release */,
			);
			defaultConfigurationIsVisible = 0;
			defaultConfigurationName = Release;
		};
/* End XCConfigurationList section */
	};
	rootObject = 884208FD1B5FD6FE00315345 /* Project object */;
}
